
Microsoft Visual Studio Solution File, Format Version 12.00
# Visual Studio Version 17
VisualStudioVersion = 17.7.34009.444
MinimumVisualStudioVersion = 10.0.40219.1
Project("{FAE04EC0-301F-11D3-BF4B-00C04F79EFBC}") = "TaskManager.API", "TaskManager.API\TaskManager.API.csproj", "{0A68652E-A615-4A95-B4B6-98C8E310D65E}"
EndProject
Global
	GlobalSection(SolutionConfigurationPlatforms) = preSolution
		Debug|Any CPU = Debug|Any CPU
		Release|Any CPU = Release|Any CPU
	EndGlobalSection
	GlobalSection(ProjectConfigurationPlatforms) = postSolution
		{0A68652E-A615-4A95-B4B6-98C8E310D65E}.Debug|Any CPU.ActiveCfg = Debug|Any CPU
		{0A68652E-A615-4A95-B4B6-98C8E310D65E}.Debug|Any CPU.Build.0 = Debug|Any CPU
		{0A68652E-A615-4A95-B4B6-98C8E310D65E}.Release|Any CPU.ActiveCfg = Release|Any CPU
		{0A68652E-A615-4A95-B4B6-98C8E310D65E}.Release|Any CPU.Build.0 = Release|Any CPU
	EndGlobalSection
	GlobalSection(SolutionProperties) = preSolution
		HideSolutionNode = FALSE
	EndGlobalSection
	GlobalSection(ExtensibilityGlobals) = postSolution
		SolutionGuid = {B4D0744B-29FB-4F0D-9486-372985CCB742}
	EndGlobalSection
EndGlobal
